<?xml version="1.0" encoding="utf-8"?>
<Project ToolsVersion="15.0" xmlns="http://schemas.microsoft.com/developer/msbuild/2003">
  <ItemGroup>
    <ClCompile Include="VisualiserFuncs.cpp">
      <Filter>Source Files</Filter>
    </ClCompile>
    <ClCompile Include="ICP_test.cpp">
      <Filter>Source Files</Filter>
    </ClCompile>
  </ItemGroup>
  <ItemGroup>
    <CustomBuild Include="C:\Users\Jack\source\repos\pcl_visualizer\CMakeLists.txt" />
  </ItemGroup>
  <ItemGroup>
    <Filter Include="Source Files">
      <UniqueIdentifier>{C758BB23-5F98-3172-9F6D-FD73FB532647}</UniqueIdentifier>
    </Filter>
    <Filter Include="Header Files">
      <UniqueIdentifier>{a43401a5-5a38-46b2-b136-c5a4b847e37a}</UniqueIdentifier>
    </Filter>
  </ItemGroup>
  <ItemGroup>
    <ClInclude Include="VisualiserAttempt.h">
      <Filter>Header Files</Filter>
    </ClInclude>
    <ClInclude Include="BasicGrabber.h">
      <Filter>Header Files</Filter>
    </ClInclude>
    <ClInclude Include="ICP_Header.h">
      <Filter>Header Files</Filter>
    </ClInclude>
    <ClInclude Include="Useful_Functions.h">
      <Filter>Header Files</Filter>
    </ClInclude>
    <ClInclude Include="ColourBasedRegionSegmentation.h">
      <Filter>Header Files</Filter>
    </ClInclude>
    <ClInclude Include="CustomPointTypes.h">
      <Filter>Header Files</Filter>
    </ClInclude>
  </ItemGroup>
</Project>